{
	"name": "abc",
	"version": "1.0.0",
	"lockfileVersion": 1,
	"requires": true,
	"dependencies": {
		"dayjs": {
			"version": "1.9.6",
			"resolved": "https://registry.npm.taobao.org/dayjs/download/dayjs-1.9.6.tgz?cache=0&sync_timestamp=1604990379187&other_urls=https%3A%2F%2Fregistry.npm.taobao.org%2Fdayjs%2Fdownload%2Fdayjs-1.9.6.tgz",
			"integrity": "sha1-bwx312rB/2NyDdEZfly4e2eUPXA="
		}
	}
}
